{
  "name": "campusflow-ai",
  "lockfileVersion": 3,
  "requires": true,
  "packages": {
    "": {
      "dependencies": {
        "bcryptjs": "^3.0.3",
        "groq-sdk": "^1.2.1"
      }
    },
    "node_modules/bcryptjs": {
      "version": "3.0.3",
      "resolved": "https://registry.npmjs.org/bcryptjs/-/bcryptjs-3.0.3.tgz",
      "integrity": "sha512-GlF5wPWnSa/X5LKM1o0wz0suXIINz1iHRLvTS+sLyi7XPbe5ycmYI3DlZqVGZZtDgl4DmasFg7gOB3JYbphV5g==",
      "license": "BSD-3-Clause",
      "bin": {
        "bcrypt": "bin/bcrypt"
      }
    },
    "node_modules/groq-sdk": {
      "version": "1.2.1",
      "resolved": "https://registry.npmjs.org/groq-sdk/-/groq-sdk-1.2.1.tgz",
      "integrity": "sha512-dsDSWJRJf+n2dPiCv7zU3IsJbrh7jfSPqi6vc1q0TTK1oUF6bn+wv4P2VFdynkHpuJ0TTJ57vlpT87judPgVPA==",
      "license": "Apache-2.0",
      "bin": {
        "groq-sdk": "bin/cli"
      }
    }
  }
}
